
Microsoft Visual Studio Solution File, Format Version 12.00
# Visual Studio 14
VisualStudioVersion = 14.0.25420.1
MinimumVisualStudioVersion = 10.0.40219.1
Project("{FAE04EC0-301F-11D3-BF4B-00C04F79EFBC}") = "TDD_Day1", "TDD_Day1\TDD_Day1.csproj", "{8791349F-939D-43D7-ACBE-5B3823760E3F}"
EndProject
Project("{FAE04EC0-301F-11D3-BF4B-00C04F79EFBC}") = "TDD_Day1Tests", "TDD_Day1Tests\TDD_Day1Tests.csproj", "{46F70549-1BB5-47DF-A225-FE59C86873DA}"
EndProject
Global
	GlobalSection(SolutionConfigurationPlatforms) = preSolution
		Debug|Any CPU = Debug|Any CPU
		Release|Any CPU = Release|Any CPU
	EndGlobalSection
	GlobalSection(ProjectConfigurationPlatforms) = postSolution
		{8791349F-939D-43D7-ACBE-5B3823760E3F}.Debug|Any CPU.ActiveCfg = Debug|Any CPU
		{8791349F-939D-43D7-ACBE-5B3823760E3F}.Debug|Any CPU.Build.0 = Debug|Any CPU
		{8791349F-939D-43D7-ACBE-5B3823760E3F}.Release|Any CPU.ActiveCfg = Release|Any CPU
		{8791349F-939D-43D7-ACBE-5B3823760E3F}.Release|Any CPU.Build.0 = Release|Any CPU
		{46F70549-1BB5-47DF-A225-FE59C86873DA}.Debug|Any CPU.ActiveCfg = Debug|Any CPU
		{46F70549-1BB5-47DF-A225-FE59C86873DA}.Debug|Any CPU.Build.0 = Debug|Any CPU
		{46F70549-1BB5-47DF-A225-FE59C86873DA}.Release|Any CPU.ActiveCfg = Release|Any CPU
		{46F70549-1BB5-47DF-A225-FE59C86873DA}.Release|Any CPU.Build.0 = Release|Any CPU
	EndGlobalSection
	GlobalSection(SolutionProperties) = preSolution
		HideSolutionNode = FALSE
	EndGlobalSection
EndGlobal
